
Microsoft Visual Studio Solution File, Format Version 12.00
# Visual Studio Version 17
VisualStudioVersion = 17.14.36429.23 d17.14
MinimumVisualStudioVersion = 10.0.40219.1
Project("{FAE04EC0-301F-11D3-BF4B-00C04F79EFBC}") = "NguyenLeMinh_ex1", "NguyenLeMinh_ex1\NguyenLeMinh_ex1.csproj", "{7FE2D299-7217-4179-99F0-228DC110D214}"
EndProject
Global
	GlobalSection(SolutionConfigurationPlatforms) = preSolution
		Debug|Any CPU = Debug|Any CPU
		Release|Any CPU = Release|Any CPU
	EndGlobalSection
	GlobalSection(ProjectConfigurationPlatforms) = postSolution
		{7FE2D299-7217-4179-99F0-228DC110D214}.Debug|Any CPU.ActiveCfg = Debug|Any CPU
		{7FE2D299-7217-4179-99F0-228DC110D214}.Debug|Any CPU.Build.0 = Debug|Any CPU
		{7FE2D299-7217-4179-99F0-228DC110D214}.Release|Any CPU.ActiveCfg = Release|Any CPU
		{7FE2D299-7217-4179-99F0-228DC110D214}.Release|Any CPU.Build.0 = Release|Any CPU
	EndGlobalSection
	GlobalSection(SolutionProperties) = preSolution
		HideSolutionNode = FALSE
	EndGlobalSection
	GlobalSection(ExtensibilityGlobals) = postSolution
		SolutionGuid = {56FA2BDF-3285-4427-A088-84C3D3086DE3}
	EndGlobalSection
EndGlobal
